
Microsoft Visual Studio Solution File, Format Version 12.00
# Visual Studio 15
Project("{FAE04EC0-301F-11D3-BF4B-00C04F79EFBC}") = "UnityEngine.TestRunner", "UnityEngine.TestRunner.csproj", "{0F5E1794-043F-62FD-9E74-875568D0AEC1}"
EndProject
Project("{FAE04EC0-301F-11D3-BF4B-00C04F79EFBC}") = "Unity.Mathematics", "Unity.Mathematics.csproj", "{66A9A8A3-5627-2111-7FCD-982CA2AB7FC0}"
EndProject
Project("{FAE04EC0-301F-11D3-BF4B-00C04F79EFBC}") = "Unity.2D.Animation.Triangle.Runtime", "Unity.2D.Animation.Triangle.Runtime.csproj", "{8E9872DD-4832-1B1F-65BC-039D80F65B33}"
EndProject
Project("{FAE04EC0-301F-11D3-BF4B-00C04F79EFBC}") = "Assembly-CSharp", "Assembly-CSharp.csproj", "{11C1C754-2F8C-D3A7-D95B-BA82A63A41FB}"
EndProject
Project("{FAE04EC0-301F-11D3-BF4B-00C04F79EFBC}") = "Unity.Timeline", "Unity.Timeline.csproj", "{ABD4E006-8635-5932-3E9C-E46C3D18613B}"
EndProject
Project("{FAE04EC0-301F-11D3-BF4B-00C04F79EFBC}") = "Cinemachine", "Cinemachine.csproj", "{EE460252-994D-9205-1260-BDA259E0EF46}"
EndProject
Project("{FAE04EC0-301F-11D3-BF4B-00C04F79EFBC}") = "Unity.TextMeshPro", "Unity.TextMeshPro.csproj", "{D30361AC-72BF-29AC-8683-0F0D30680813}"
EndProject
Project("{FAE04EC0-301F-11D3-BF4B-00C04F79EFBC}") = "Unity.2D.Animation.Runtime", "Unity.2D.Animation.Runtime.csproj", "{7D48539F-4B22-621D-A28B-E5FED6D05CC2}"
EndProject
Project("{FAE04EC0-301F-11D3-BF4B-00C04F79EFBC}") = "Unity.2D.IK.Runtime", "Unity.2D.IK.Runtime.csproj", "{F0837FD0-A25E-E3E7-520A-63138F5B9B96}"
EndProject
Project("{FAE04EC0-301F-11D3-BF4B-00C04F79EFBC}") = "Unity.2D.SpriteShape.Runtime", "Unity.2D.SpriteShape.Runtime.csproj", "{5AEEAC0B-A31C-8BA7-A771-C0D7BEE50D77}"
EndProject
Project("{FAE04EC0-301F-11D3-BF4B-00C04F79EFBC}") = "Unity.2D.PixelPerfect", "Unity.2D.PixelPerfect.csproj", "{4CC9CF4E-6713-8954-93D6-48E08B190F5C}"
EndProject
Project("{FAE04EC0-301F-11D3-BF4B-00C04F79EFBC}") = "Unity.2D.Common.Runtime", "Unity.2D.Common.Runtime.csproj", "{B6C3C03B-3010-3E0A-93A7-00937AB5991F}"
EndProject
Project("{FAE04EC0-301F-11D3-BF4B-00C04F79EFBC}") = "Unity.InternalAPIEngineBridge.001", "Unity.InternalAPIEngineBridge.001.csproj", "{D6370477-AAFB-C776-2820-4593C554E0D0}"
EndProject
Project("{FAE04EC0-301F-11D3-BF4B-00C04F79EFBC}") = "UnityEditor.TestRunner", "UnityEditor.TestRunner.csproj", "{3457A204-6AF5-A643-81B5-23C2EA4A3EA8}"
EndProject
Project("{FAE04EC0-301F-11D3-BF4B-00C04F79EFBC}") = "Unity.PlasticSCM.Editor", "Unity.PlasticSCM.Editor.csproj", "{7D1E2D78-3EDF-DA43-D68C-2453FC33088A}"
EndProject
Project("{FAE04EC0-301F-11D3-BF4B-00C04F79EFBC}") = "Unity.Services.Core.Editor", "Unity.Services.Core.Editor.csproj", "{951F80E9-40D3-9273-19FF-DF4A2BA9CE9E}"
EndProject
Project("{FAE04EC0-301F-11D3-BF4B-00C04F79EFBC}") = "Unity.Timeline.Editor", "Unity.Timeline.Editor.csproj", "{F33F4446-BCFB-65B5-4CC1-3ED9465A162A}"
EndProject
Project("{FAE04EC0-301F-11D3-BF4B-00C04F79EFBC}") = "Unity.VisualStudio.Editor", "Unity.VisualStudio.Editor.csproj", "{0894933E-BB66-ED5B-EF3A-B8EB7DA3CD94}"
EndProject
Project("{FAE04EC0-301F-11D3-BF4B-00C04F79EFBC}") = "com.unity.cinemachine.editor", "com.unity.cinemachine.editor.csproj", "{0899DF35-08CE-5106-0207-8ACF94833FAC}"
EndProject
Project("{FAE04EC0-301F-11D3-BF4B-00C04F79EFBC}") = "Unity.2D.Psdimporter.Editor", "Unity.2D.Psdimporter.Editor.csproj", "{66CB877B-A25E-B6D0-21D2-E465D7F8E09D}"
EndProject
Project("{FAE04EC0-301F-11D3-BF4B-00C04F79EFBC}") = "Unity.2D.Animation.Editor", "Unity.2D.Animation.Editor.csproj", "{B94E9EE3-597D-C2B8-6F98-ED2238F1ED84}"
EndProject
Project("{FAE04EC0-301F-11D3-BF4B-00C04F79EFBC}") = "Unity.TextMeshPro.Editor", "Unity.TextMeshPro.Editor.csproj", "{141C8BB1-433D-A383-284E-3B0081A27CBD}"
EndProject
Project("{FAE04EC0-301F-11D3-BF4B-00C04F79EFBC}") = "Unity.2D.SpriteShape.Editor", "Unity.2D.SpriteShape.Editor.csproj", "{84E4C557-AA9D-08B4-92D6-0D19BA48EF30}"
EndProject
Project("{FAE04EC0-301F-11D3-BF4B-00C04F79EFBC}") = "Unity.CollabProxy.Editor", "Unity.CollabProxy.Editor.csproj", "{F6EA9C4B-0776-4204-F296-0DB15E0ACF1A}"
EndProject
Project("{FAE04EC0-301F-11D3-BF4B-00C04F79EFBC}") = "PsdPlugin", "PsdPlugin.csproj", "{F0BD9CD3-DE86-3F63-0998-02D39E484569}"
EndProject
Project("{FAE04EC0-301F-11D3-BF4B-00C04F79EFBC}") = "Unity.2D.Path.Editor", "Unity.2D.Path.Editor.csproj", "{7AF7D109-0C78-1281-AE76-A51A36D5E8F8}"
EndProject
Project("{FAE04EC0-301F-11D3-BF4B-00C04F79EFBC}") = "Unity.Rider.Editor", "Unity.Rider.Editor.csproj", "{37EEC422-573C-9EF8-D1A9-8ADE753C3D23}"
EndProject
Project("{FAE04EC0-301F-11D3-BF4B-00C04F79EFBC}") = "Unity.2D.IK.Editor", "Unity.2D.IK.Editor.csproj", "{5ACC025C-687A-384D-18EA-4A9E8EA12C60}"
EndProject
Project("{FAE04EC0-301F-11D3-BF4B-00C04F79EFBC}") = "Unity.2D.PixelPerfect.Editor", "Unity.2D.PixelPerfect.Editor.csproj", "{A5C2E333-212D-2D99-54B7-23950F05F843}"
EndProject
Project("{FAE04EC0-301F-11D3-BF4B-00C04F79EFBC}") = "Unity.VSCode.Editor", "Unity.VSCode.Editor.csproj", "{B46FDEF9-B9EA-B8AF-E35C-96E36E8EF02A}"
EndProject
Project("{FAE04EC0-301F-11D3-BF4B-00C04F79EFBC}") = "Unity.2D.Common.Editor", "Unity.2D.Common.Editor.csproj", "{9F4F8EF4-4CF1-5FAD-2EEC-C6E7F0B180D3}"
EndProject
Project("{FAE04EC0-301F-11D3-BF4B-00C04F79EFBC}") = "Unity.Mathematics.Editor", "Unity.Mathematics.Editor.csproj", "{C8724AD0-1C40-1563-4BA6-F2BDE2332BDD}"
EndProject
Project("{FAE04EC0-301F-11D3-BF4B-00C04F79EFBC}") = "Unity.InternalAPIEditorBridge.001", "Unity.InternalAPIEditorBridge.001.csproj", "{5C0F04F4-5B0E-F591-CE0F-C4065F5950BE}"
EndProject
Project("{FAE04EC0-301F-11D3-BF4B-00C04F79EFBC}") = "UnityEngine.TestRunner", "UnityEngine.TestRunner.Player.csproj", "{11F0E9B6-277B-7867-491B-81024D04CD45}"
EndProject
Project("{FAE04EC0-301F-11D3-BF4B-00C04F79EFBC}") = "Unity.Mathematics", "Unity.Mathematics.Player.csproj", "{6D99100E-AD74-02E4-FE1F-B8EE168A2FAB}"
EndProject
Project("{FAE04EC0-301F-11D3-BF4B-00C04F79EFBC}") = "Unity.2D.Animation.Triangle.Runtime", "Unity.2D.Animation.Triangle.Runtime.Player.csproj", "{77A00D67-FF31-473A-FCED-FC64E096529C}"
EndProject
Project("{FAE04EC0-301F-11D3-BF4B-00C04F79EFBC}") = "Assembly-CSharp", "Assembly-CSharp.Player.csproj", "{6B37D052-373C-F10A-76D5-8899C26774DC}"
EndProject
Project("{FAE04EC0-301F-11D3-BF4B-00C04F79EFBC}") = "Unity.Timeline", "Unity.Timeline.Player.csproj", "{93C87071-A38E-B580-34AB-CC3929F882C4}"
EndProject
Project("{FAE04EC0-301F-11D3-BF4B-00C04F79EFBC}") = "Cinemachine", "Cinemachine.Player.csproj", "{1E2E4353-D241-39FD-E4F2-AC0D0B534A05}"
EndProject
Project("{FAE04EC0-301F-11D3-BF4B-00C04F79EFBC}") = "Unity.TextMeshPro", "Unity.TextMeshPro.Player.csproj", "{232110F5-5560-E2DA-393B-8457F050FB82}"
EndProject
Project("{FAE04EC0-301F-11D3-BF4B-00C04F79EFBC}") = "Unity.2D.Animation.Runtime", "Unity.2D.Animation.Runtime.Player.csproj", "{EF8D0E05-7C94-5C64-E441-07469DED1A4B}"
EndProject
Project("{FAE04EC0-301F-11D3-BF4B-00C04F79EFBC}") = "Unity.2D.IK.Runtime", "Unity.2D.IK.Runtime.Player.csproj", "{82FF337B-7B0E-A554-B340-72BC58DFD2A0}"
EndProject
Project("{FAE04EC0-301F-11D3-BF4B-00C04F79EFBC}") = "Unity.2D.SpriteShape.Runtime", "Unity.2D.SpriteShape.Runtime.Player.csproj", "{81F64914-44C7-C6A7-BB01-B951BBDA6C41}"
EndProject
Project("{FAE04EC0-301F-11D3-BF4B-00C04F79EFBC}") = "Unity.2D.PixelPerfect", "Unity.2D.PixelPerfect.Player.csproj", "{1A82AA19-18F4-2F15-5509-BC7D7BFC47D7}"
EndProject
Project("{FAE04EC0-301F-11D3-BF4B-00C04F79EFBC}") = "Unity.2D.Common.Runtime", "Unity.2D.Common.Runtime.Player.csproj", "{D30F5F54-6F09-04B3-8E02-67611E1EB50F}"
EndProject
Project("{FAE04EC0-301F-11D3-BF4B-00C04F79EFBC}") = "Unity.InternalAPIEngineBridge.001", "Unity.InternalAPIEngineBridge.001.Player.csproj", "{B503590D-B9FF-E376-39FD-1B7FE61B56DE}"
EndProject
Global
	GlobalSection(SolutionConfigurationPlatforms) = preSolution
		Debug|Any CPU = Debug|Any CPU
		Release|Any CPU = Release|Any CPU
	EndGlobalSection
	GlobalSection(ProjectConfigurationPlatforms) = postSolution
		{0F5E1794-043F-62FD-9E74-875568D0AEC1}.Debug|Any CPU.ActiveCfg = Debug|Any CPU
		{0F5E1794-043F-62FD-9E74-875568D0AEC1}.Debug|Any CPU.Build.0 = Debug|Any CPU
		{0F5E1794-043F-62FD-9E74-875568D0AEC1}.Release|Any CPU.ActiveCfg = Release|Any CPU
		{0F5E1794-043F-62FD-9E74-875568D0AEC1}.Release|Any CPU.Build.0 = Release|Any CPU
		{66A9A8A3-5627-2111-7FCD-982CA2AB7FC0}.Debug|Any CPU.ActiveCfg = Debug|Any CPU
		{66A9A8A3-5627-2111-7FCD-982CA2AB7FC0}.Debug|Any CPU.Build.0 = Debug|Any CPU
		{66A9A8A3-5627-2111-7FCD-982CA2AB7FC0}.Release|Any CPU.ActiveCfg = Release|Any CPU
		{66A9A8A3-5627-2111-7FCD-982CA2AB7FC0}.Release|Any CPU.Build.0 = Release|Any CPU
		{8E9872DD-4832-1B1F-65BC-039D80F65B33}.Debug|Any CPU.ActiveCfg = Debug|Any CPU
		{8E9872DD-4832-1B1F-65BC-039D80F65B33}.Debug|Any CPU.Build.0 = Debug|Any CPU
		{8E9872DD-4832-1B1F-65BC-039D80F65B33}.Release|Any CPU.ActiveCfg = Release|Any CPU
		{8E9872DD-4832-1B1F-65BC-039D80F65B33}.Release|Any CPU.Build.0 = Release|Any CPU
		{11C1C754-2F8C-D3A7-D95B-BA82A63A41FB}.Debug|Any CPU.ActiveCfg = Debug|Any CPU
		{11C1C754-2F8C-D3A7-D95B-BA82A63A41FB}.Debug|Any CPU.Build.0 = Debug|Any CPU
		{11C1C754-2F8C-D3A7-D95B-BA82A63A41FB}.Release|Any CPU.ActiveCfg = Release|Any CPU
		{11C1C754-2F8C-D3A7-D95B-BA82A63A41FB}.Release|Any CPU.Build.0 = Release|Any CPU
		{ABD4E006-8635-5932-3E9C-E46C3D18613B}.Debug|Any CPU.ActiveCfg = Debug|Any CPU
		{ABD4E006-8635-5932-3E9C-E46C3D18613B}.Debug|Any CPU.Build.0 = Debug|Any CPU
		{ABD4E006-8635-5932-3E9C-E46C3D18613B}.Release|Any CPU.ActiveCfg = Release|Any CPU
		{ABD4E006-8635-5932-3E9C-E46C3D18613B}.Release|Any CPU.Build.0 = Release|Any CPU
		{EE460252-994D-9205-1260-BDA259E0EF46}.Debug|Any CPU.ActiveCfg = Debug|Any CPU
		{EE460252-994D-9205-1260-BDA259E0EF46}.Debug|Any CPU.Build.0 = Debug|Any CPU
		{EE460252-994D-9205-1260-BDA259E0EF46}.Release|Any CPU.ActiveCfg = Release|Any CPU
		{EE460252-994D-9205-1260-BDA259E0EF46}.Release|Any CPU.Build.0 = Release|Any CPU
		{D30361AC-72BF-29AC-8683-0F0D30680813}.Debug|Any CPU.ActiveCfg = Debug|Any CPU
		{D30361AC-72BF-29AC-8683-0F0D30680813}.Debug|Any CPU.Build.0 = Debug|Any CPU
		{D30361AC-72BF-29AC-8683-0F0D30680813}.Release|Any CPU.ActiveCfg = Release|Any CPU
		{D30361AC-72BF-29AC-8683-0F0D30680813}.Release|Any CPU.Build.0 = Release|Any CPU
		{7D48539F-4B22-621D-A28B-E5FED6D05CC2}.Debug|Any CPU.ActiveCfg = Debug|Any CPU
		{7D48539F-4B22-621D-A28B-E5FED6D05CC2}.Debug|Any CPU.Build.0 = Debug|Any CPU
		{7D48539F-4B22-621D-A28B-E5FED6D05CC2}.Release|Any CPU.ActiveCfg = Release|Any CPU
		{7D48539F-4B22-621D-A28B-E5FED6D05CC2}.Release|Any CPU.Build.0 = Release|Any CPU
		{F0837FD0-A25E-E3E7-520A-63138F5B9B96}.Debug|Any CPU.ActiveCfg = Debug|Any CPU
		{F0837FD0-A25E-E3E7-520A-63138F5B9B96}.Debug|Any CPU.Build.0 = Debug|Any CPU
		{F0837FD0-A25E-E3E7-520A-63138F5B9B96}.Release|Any CPU.ActiveCfg = Release|Any CPU
		{F0837FD0-A25E-E3E7-520A-63138F5B9B96}.Release|Any CPU.Build.0 = Release|Any CPU
		{5AEEAC0B-A31C-8BA7-A771-C0D7BEE50D77}.Debug|Any CPU.ActiveCfg = Debug|Any CPU
		{5AEEAC0B-A31C-8BA7-A771-C0D7BEE50D77}.Debug|Any CPU.Build.0 = Debug|Any CPU
		{5AEEAC0B-A31C-8BA7-A771-C0D7BEE50D77}.Release|Any CPU.ActiveCfg = Release|Any CPU
		{5AEEAC0B-A31C-8BA7-A771-C0D7BEE50D77}.Release|Any CPU.Build.0 = Release|Any CPU
		{4CC9CF4E-6713-8954-93D6-48E08B190F5C}.Debug|Any CPU.ActiveCfg = Debug|Any CPU
		{4CC9CF4E-6713-8954-93D6-48E08B190F5C}.Debug|Any CPU.Build.0 = Debug|Any CPU
		{4CC9CF4E-6713-8954-93D6-48E08B190F5C}.Release|Any CPU.ActiveCfg = Release|Any CPU
		{4CC9CF4E-6713-8954-93D6-48E08B190F5C}.Release|Any CPU.Build.0 = Release|Any CPU
		{B6C3C03B-3010-3E0A-93A7-00937AB5991F}.Debug|Any CPU.ActiveCfg = Debug|Any CPU
		{B6C3C03B-3010-3E0A-93A7-00937AB5991F}.Debug|Any CPU.Build.0 = Debug|Any CPU
		{B6C3C03B-3010-3E0A-93A7-00937AB5991F}.Release|Any CPU.ActiveCfg = Release|Any CPU
		{B6C3C03B-3010-3E0A-93A7-00937AB5991F}.Release|Any CPU.Build.0 = Release|Any CPU
		{D6370477-AAFB-C776-2820-4593C554E0D0}.Debug|Any CPU.ActiveCfg = Debug|Any CPU
		{D6370477-AAFB-C776-2820-4593C554E0D0}.Debug|Any CPU.Build.0 = Debug|Any CPU
		{D6370477-AAFB-C776-2820-4593C554E0D0}.Release|Any CPU.ActiveCfg = Release|Any CPU
		{D6370477-AAFB-C776-2820-4593C554E0D0}.Release|Any CPU.Build.0 = Release|Any CPU
		{3457A204-6AF5-A643-81B5-23C2EA4A3EA8}.Debug|Any CPU.ActiveCfg = Debug|Any CPU
		{3457A204-6AF5-A643-81B5-23C2EA4A3EA8}.Debug|Any CPU.Build.0 = Debug|Any CPU
		{3457A204-6AF5-A643-81B5-23C2EA4A3EA8}.Release|Any CPU.ActiveCfg = Release|Any CPU
		{3457A204-6AF5-A643-81B5-23C2EA4A3EA8}.Release|Any CPU.Build.0 = Release|Any CPU
		{7D1E2D78-3EDF-DA43-D68C-2453FC33088A}.Debug|Any CPU.ActiveCfg = Debug|Any CPU
		{7D1E2D78-3EDF-DA43-D68C-2453FC33088A}.Debug|Any CPU.Build.0 = Debug|Any CPU
		{7D1E2D78-3EDF-DA43-D68C-2453FC33088A}.Release|Any CPU.ActiveCfg = Release|Any CPU
		{7D1E2D78-3EDF-DA43-D68C-2453FC33088A}.Release|Any CPU.Build.0 = Release|Any CPU
		{951F80E9-40D3-9273-19FF-DF4A2BA9CE9E}.Debug|Any CPU.ActiveCfg = Debug|Any CPU
		{951F80E9-40D3-9273-19FF-DF4A2BA9CE9E}.Debug|Any CPU.Build.0 = Debug|Any CPU
		{951F80E9-40D3-9273-19FF-DF4A2BA9CE9E}.Release|Any CPU.ActiveCfg = Release|Any CPU
		{951F80E9-40D3-9273-19FF-DF4A2BA9CE9E}.Release|Any CPU.Build.0 = Release|Any CPU
		{F33F4446-BCFB-65B5-4CC1-3ED9465A162A}.Debug|Any CPU.ActiveCfg = Debug|Any CPU
		{F33F4446-BCFB-65B5-4CC1-3ED9465A162A}.Debug|Any CPU.Build.0 = Debug|Any CPU
		{F33F4446-BCFB-65B5-4CC1-3ED9465A162A}.Release|Any CPU.ActiveCfg = Release|Any CPU
		{F33F4446-BCFB-65B5-4CC1-3ED9465A162A}.Release|Any CPU.Build.0 = Release|Any CPU
		{0894933E-BB66-ED5B-EF3A-B8EB7DA3CD94}.Debug|Any CPU.ActiveCfg = Debug|Any CPU
		{0894933E-BB66-ED5B-EF3A-B8EB7DA3CD94}.Debug|Any CPU.Build.0 = Debug|Any CPU
		{0894933E-BB66-ED5B-EF3A-B8EB7DA3CD94}.Release|Any CPU.ActiveCfg = Release|Any CPU
		{0894933E-BB66-ED5B-EF3A-B8EB7DA3CD94}.Release|Any CPU.Build.0 = Release|Any CPU
		{0899DF35-08CE-5106-0207-8ACF94833FAC}.Debug|Any CPU.ActiveCfg = Debug|Any CPU
		{0899DF35-08CE-5106-0207-8ACF94833FAC}.Debug|Any CPU.Build.0 = Debug|Any CPU
		{0899DF35-08CE-5106-0207-8ACF94833FAC}.Release|Any CPU.ActiveCfg = Release|Any CPU
		{0899DF35-08CE-5106-0207-8ACF94833FAC}.Release|Any CPU.Build.0 = Release|Any CPU
		{66CB877B-A25E-B6D0-21D2-E465D7F8E09D}.Debug|Any CPU.ActiveCfg = Debug|Any CPU
		{66CB877B-A25E-B6D0-21D2-E465D7F8E09D}.Debug|Any CPU.Build.0 = Debug|Any CPU
		{66CB877B-A25E-B6D0-21D2-E465D7F8E09D}.Release|Any CPU.ActiveCfg = Release|Any CPU
		{66CB877B-A25E-B6D0-21D2-E465D7F8E09D}.Release|Any CPU.Build.0 = Release|Any CPU
		{B94E9EE3-597D-C2B8-6F98-ED2238F1ED84}.Debug|Any CPU.ActiveCfg = Debug|Any CPU
		{B94E9EE3-597D-C2B8-6F98-ED2238F1ED84}.Debug|Any CPU.Build.0 = Debug|Any CPU
		{B94E9EE3-597D-C2B8-6F98-ED2238F1ED84}.Release|Any CPU.ActiveCfg = Release|Any CPU
		{B94E9EE3-597D-C2B8-6F98-ED2238F1ED84}.Release|Any CPU.Build.0 = Release|Any CPU
		{141C8BB1-433D-A383-284E-3B0081A27CBD}.Debug|Any CPU.ActiveCfg = Debug|Any CPU
		{141C8BB1-433D-A383-284E-3B0081A27CBD}.Debug|Any CPU.Build.0 = Debug|Any CPU
		{141C8BB1-433D-A383-284E-3B0081A27CBD}.Release|Any CPU.ActiveCfg = Release|Any CPU
		{141C8BB1-433D-A383-284E-3B0081A27CBD}.Release|Any CPU.Build.0 = Release|Any CPU
		{84E4C557-AA9D-08B4-92D6-0D19BA48EF30}.Debug|Any CPU.ActiveCfg = Debug|Any CPU
		{84E4C557-AA9D-08B4-92D6-0D19BA48EF30}.Debug|Any CPU.Build.0 = Debug|Any CPU
		{84E4C557-AA9D-08B4-92D6-0D19BA48EF30}.Release|Any CPU.ActiveCfg = Release|Any CPU
		{84E4C557-AA9D-08B4-92D6-0D19BA48EF30}.Release|Any CPU.Build.0 = Release|Any CPU
		{F6EA9C4B-0776-4204-F296-0DB15E0ACF1A}.Debug|Any CPU.ActiveCfg = Debug|Any CPU
		{F6EA9C4B-0776-4204-F296-0DB15E0ACF1A}.Debug|Any CPU.Build.0 = Debug|Any CPU
		{F6EA9C4B-0776-4204-F296-0DB15E0ACF1A}.Release|Any CPU.ActiveCfg = Release|Any CPU
		{F6EA9C4B-0776-4204-F296-0DB15E0ACF1A}.Release|Any CPU.Build.0 = Release|Any CPU
		{F0BD9CD3-DE86-3F63-0998-02D39E484569}.Debug|Any CPU.ActiveCfg = Debug|Any CPU
		{F0BD9CD3-DE86-3F63-0998-02D39E484569}.Debug|Any CPU.Build.0 = Debug|Any CPU
		{F0BD9CD3-DE86-3F63-0998-02D39E484569}.Release|Any CPU.ActiveCfg = Release|Any CPU
		{F0BD9CD3-DE86-3F63-0998-02D39E484569}.Release|Any CPU.Build.0 = Release|Any CPU
		{7AF7D109-0C78-1281-AE76-A51A36D5E8F8}.Debug|Any CPU.ActiveCfg = Debug|Any CPU
		{7AF7D109-0C78-1281-AE76-A51A36D5E8F8}.Debug|Any CPU.Build.0 = Debug|Any CPU
		{7AF7D109-0C78-1281-AE76-A51A36D5E8F8}.Release|Any CPU.ActiveCfg = Release|Any CPU
		{7AF7D109-0C78-1281-AE76-A51A36D5E8F8}.Release|Any CPU.Build.0 = Release|Any CPU
		{37EEC422-573C-9EF8-D1A9-8ADE753C3D23}.Debug|Any CPU.ActiveCfg = Debug|Any CPU
		{37EEC422-573C-9EF8-D1A9-8ADE753C3D23}.Debug|Any CPU.Build.0 = Debug|Any CPU
		{37EEC422-573C-9EF8-D1A9-8ADE753C3D23}.Release|Any CPU.ActiveCfg = Release|Any CPU
		{37EEC422-573C-9EF8-D1A9-8ADE753C3D23}.Release|Any CPU.Build.0 = Release|Any CPU
		{5ACC025C-687A-384D-18EA-4A9E8EA12C60}.Debug|Any CPU.ActiveCfg = Debug|Any CPU
		{5ACC025C-687A-384D-18EA-4A9E8EA12C60}.Debug|Any CPU.Build.0 = Debug|Any CPU
		{5ACC025C-687A-384D-18EA-4A9E8EA12C60}.Release|Any CPU.ActiveCfg = Release|Any CPU
		{5ACC025C-687A-384D-18EA-4A9E8EA12C60}.Release|Any CPU.Build.0 = Release|Any CPU
		{A5C2E333-212D-2D99-54B7-23950F05F843}.Debug|Any CPU.ActiveCfg = Debug|Any CPU
		{A5C2E333-212D-2D99-54B7-23950F05F843}.Debug|Any CPU.Build.0 = Debug|Any CPU
		{A5C2E333-212D-2D99-54B7-23950F05F843}.Release|Any CPU.ActiveCfg = Release|Any CPU
		{A5C2E333-212D-2D99-54B7-23950F05F843}.Release|Any CPU.Build.0 = Release|Any CPU
		{B46FDEF9-B9EA-B8AF-E35C-96E36E8EF02A}.Debug|Any CPU.ActiveCfg = Debug|Any CPU
		{B46FDEF9-B9EA-B8AF-E35C-96E36E8EF02A}.Debug|Any CPU.Build.0 = Debug|Any CPU
		{B46FDEF9-B9EA-B8AF-E35C-96E36E8EF02A}.Release|Any CPU.ActiveCfg = Release|Any CPU
		{B46FDEF9-B9EA-B8AF-E35C-96E36E8EF02A}.Release|Any CPU.Build.0 = Release|Any CPU
		{9F4F8EF4-4CF1-5FAD-2EEC-C6E7F0B180D3}.Debug|Any CPU.ActiveCfg = Debug|Any CPU
		{9F4F8EF4-4CF1-5FAD-2EEC-C6E7F0B180D3}.Debug|Any CPU.Build.0 = Debug|Any CPU
		{9F4F8EF4-4CF1-5FAD-2EEC-C6E7F0B180D3}.Release|Any CPU.ActiveCfg = Release|Any CPU
		{9F4F8EF4-4CF1-5FAD-2EEC-C6E7F0B180D3}.Release|Any CPU.Build.0 = Release|Any CPU
		{C8724AD0-1C40-1563-4BA6-F2BDE2332BDD}.Debug|Any CPU.ActiveCfg = Debug|Any CPU
		{C8724AD0-1C40-1563-4BA6-F2BDE2332BDD}.Debug|Any CPU.Build.0 = Debug|Any CPU
		{C8724AD0-1C40-1563-4BA6-F2BDE2332BDD}.Release|Any CPU.ActiveCfg = Release|Any CPU
		{C8724AD0-1C40-1563-4BA6-F2BDE2332BDD}.Release|Any CPU.Build.0 = Release|Any CPU
		{5C0F04F4-5B0E-F591-CE0F-C4065F5950BE}.Debug|Any CPU.ActiveCfg = Debug|Any CPU
		{5C0F04F4-5B0E-F591-CE0F-C4065F5950BE}.Debug|Any CPU.Build.0 = Debug|Any CPU
		{5C0F04F4-5B0E-F591-CE0F-C4065F5950BE}.Release|Any CPU.ActiveCfg = Release|Any CPU
		{5C0F04F4-5B0E-F591-CE0F-C4065F5950BE}.Release|Any CPU.Build.0 = Release|Any CPU
		{11F0E9B6-277B-7867-491B-81024D04CD45}.Debug|Any CPU.ActiveCfg = Debug|Any CPU
		{11F0E9B6-277B-7867-491B-81024D04CD45}.Debug|Any CPU.Build.0 = Debug|Any CPU
		{11F0E9B6-277B-7867-491B-81024D04CD45}.Release|Any CPU.ActiveCfg = Release|Any CPU
		{11F0E9B6-277B-7867-491B-81024D04CD45}.Release|Any CPU.Build.0 = Release|Any CPU
		{6D99100E-AD74-02E4-FE1F-B8EE168A2FAB}.Debug|Any CPU.ActiveCfg = Debug|Any CPU
		{6D99100E-AD74-02E4-FE1F-B8EE168A2FAB}.Debug|Any CPU.Build.0 = Debug|Any CPU
		{6D99100E-AD74-02E4-FE1F-B8EE168A2FAB}.Release|Any CPU.ActiveCfg = Release|Any CPU
		{6D99100E-AD74-02E4-FE1F-B8EE168A2FAB}.Release|Any CPU.Build.0 = Release|Any CPU
		{77A00D67-FF31-473A-FCED-FC64E096529C}.Debug|Any CPU.ActiveCfg = Debug|Any CPU
		{77A00D67-FF31-473A-FCED-FC64E096529C}.Debug|Any CPU.Build.0 = Debug|Any CPU
		{77A00D67-FF31-473A-FCED-FC64E096529C}.Release|Any CPU.ActiveCfg = Release|Any CPU
		{77A00D67-FF31-473A-FCED-FC64E096529C}.Release|Any CPU.Build.0 = Release|Any CPU
		{6B37D052-373C-F10A-76D5-8899C26774DC}.Debug|Any CPU.ActiveCfg = Debug|Any CPU
		{6B37D052-373C-F10A-76D5-8899C26774DC}.Debug|Any CPU.Build.0 = Debug|Any CPU
		{6B37D052-373C-F10A-76D5-8899C26774DC}.Release|Any CPU.ActiveCfg = Release|Any CPU
		{6B37D052-373C-F10A-76D5-8899C26774DC}.Release|Any CPU.Build.0 = Release|Any CPU
		{93C87071-A38E-B580-34AB-CC3929F882C4}.Debug|Any CPU.ActiveCfg = Debug|Any CPU
		{93C87071-A38E-B580-34AB-CC3929F882C4}.Debug|Any CPU.Build.0 = Debug|Any CPU
		{93C87071-A38E-B580-34AB-CC3929F882C4}.Release|Any CPU.ActiveCfg = Release|Any CPU
		{93C87071-A38E-B580-34AB-CC3929F882C4}.Release|Any CPU.Build.0 = Release|Any CPU
		{1E2E4353-D241-39FD-E4F2-AC0D0B534A05}.Debug|Any CPU.ActiveCfg = Debug|Any CPU
		{1E2E4353-D241-39FD-E4F2-AC0D0B534A05}.Debug|Any CPU.Build.0 = Debug|Any CPU
		{1E2E4353-D241-39FD-E4F2-AC0D0B534A05}.Release|Any CPU.ActiveCfg = Release|Any CPU
		{1E2E4353-D241-39FD-E4F2-AC0D0B534A05}.Release|Any CPU.Build.0 = Release|Any CPU
		{232110F5-5560-E2DA-393B-8457F050FB82}.Debug|Any CPU.ActiveCfg = Debug|Any CPU
		{232110F5-5560-E2DA-393B-8457F050FB82}.Debug|Any CPU.Build.0 = Debug|Any CPU
		{232110F5-5560-E2DA-393B-8457F050FB82}.Release|Any CPU.ActiveCfg = Release|Any CPU
		{232110F5-5560-E2DA-393B-8457F050FB82}.Release|Any CPU.Build.0 = Release|Any CPU
		{EF8D0E05-7C94-5C64-E441-07469DED1A4B}.Debug|Any CPU.ActiveCfg = Debug|Any CPU
		{EF8D0E05-7C94-5C64-E441-07469DED1A4B}.Debug|Any CPU.Build.0 = Debug|Any CPU
		{EF8D0E05-7C94-5C64-E441-07469DED1A4B}.Release|Any CPU.ActiveCfg = Release|Any CPU
		{EF8D0E05-7C94-5C64-E441-07469DED1A4B}.Release|Any CPU.Build.0 = Release|Any CPU
		{82FF337B-7B0E-A554-B340-72BC58DFD2A0}.Debug|Any CPU.ActiveCfg = Debug|Any CPU
		{82FF337B-7B0E-A554-B340-72BC58DFD2A0}.Debug|Any CPU.Build.0 = Debug|Any CPU
		{82FF337B-7B0E-A554-B340-72BC58DFD2A0}.Release|Any CPU.ActiveCfg = Release|Any CPU
		{82FF337B-7B0E-A554-B340-72BC58DFD2A0}.Release|Any CPU.Build.0 = Release|Any CPU
		{81F64914-44C7-C6A7-BB01-B951BBDA6C41}.Debug|Any CPU.ActiveCfg = Debug|Any CPU
		{81F64914-44C7-C6A7-BB01-B951BBDA6C41}.Debug|Any CPU.Build.0 = Debug|Any CPU
		{81F64914-44C7-C6A7-BB01-B951BBDA6C41}.Release|Any CPU.ActiveCfg = Release|Any CPU
		{81F64914-44C7-C6A7-BB01-B951BBDA6C41}.Release|Any CPU.Build.0 = Release|Any CPU
		{1A82AA19-18F4-2F15-5509-BC7D7BFC47D7}.Debug|Any CPU.ActiveCfg = Debug|Any CPU
		{1A82AA19-18F4-2F15-5509-BC7D7BFC47D7}.Debug|Any CPU.Build.0 = Debug|Any CPU
		{1A82AA19-18F4-2F15-5509-BC7D7BFC47D7}.Release|Any CPU.ActiveCfg = Release|Any CPU
		{1A82AA19-18F4-2F15-5509-BC7D7BFC47D7}.Release|Any CPU.Build.0 = Release|Any CPU
		{D30F5F54-6F09-04B3-8E02-67611E1EB50F}.Debug|Any CPU.ActiveCfg = Debug|Any CPU
		{D30F5F54-6F09-04B3-8E02-67611E1EB50F}.Debug|Any CPU.Build.0 = Debug|Any CPU
		{D30F5F54-6F09-04B3-8E02-67611E1EB50F}.Release|Any CPU.ActiveCfg = Release|Any CPU
		{D30F5F54-6F09-04B3-8E02-67611E1EB50F}.Release|Any CPU.Build.0 = Release|Any CPU
		{B503590D-B9FF-E376-39FD-1B7FE61B56DE}.Debug|Any CPU.ActiveCfg = Debug|Any CPU
		{B503590D-B9FF-E376-39FD-1B7FE61B56DE}.Debug|Any CPU.Build.0 = Debug|Any CPU
		{B503590D-B9FF-E376-39FD-1B7FE61B56DE}.Release|Any CPU.ActiveCfg = Release|Any CPU
		{B503590D-B9FF-E376-39FD-1B7FE61B56DE}.Release|Any CPU.Build.0 = Release|Any CPU
	EndGlobalSection
	GlobalSection(SolutionProperties) = preSolution
		HideSolutionNode = FALSE
	EndGlobalSection
EndGlobal
